
Microsoft Visual Studio Solution File, Format Version 12.00
# Visual Studio 15
VisualStudioVersion = 15.0.28307.1738
MinimumVisualStudioVersion = 10.0.40219.1
Project("{FAE04EC0-301F-11D3-BF4B-00C04F79EFBC}") = "WebApplication1", "WebApplication1\WebApplication1.csproj", "{51384311-7F97-4907-8879-D72806F72FAD}"
EndProject
Global
	GlobalSection(SolutionConfigurationPlatforms) = preSolution
		Debug|Any CPU = Debug|Any CPU
		Release|Any CPU = Release|Any CPU
	EndGlobalSection
	GlobalSection(ProjectConfigurationPlatforms) = postSolution
		{51384311-7F97-4907-8879-D72806F72FAD}.Debug|Any CPU.ActiveCfg = Debug|Any CPU
		{51384311-7F97-4907-8879-D72806F72FAD}.Debug|Any CPU.Build.0 = Debug|Any CPU
		{51384311-7F97-4907-8879-D72806F72FAD}.Release|Any CPU.ActiveCfg = Release|Any CPU
		{51384311-7F97-4907-8879-D72806F72FAD}.Release|Any CPU.Build.0 = Release|Any CPU
	EndGlobalSection
	GlobalSection(SolutionProperties) = preSolution
		HideSolutionNode = FALSE
	EndGlobalSection
	GlobalSection(ExtensibilityGlobals) = postSolution
		SolutionGuid = {4AD1A584-4F27-49A6-93BA-C9651C691505}
	EndGlobalSection
EndGlobal
